# This file is automatically @generated by Cargo.
# It is not intended for manual editing.
version = 3

[[package]]
name = "oneshot-broadcast"
version = "0.1.0"
dependencies = [
 "safer_owning_ref",
]

[[package]]
name = "safer_owning_ref"
version = "0.5.0"
source = "registry+https://github.com/rust-lang/crates.io-index"
checksum = "af21b9de2df966f61c07b5b541c81c98225b86e48ababd43366a642654de30ef"
dependencies = [
 "stable_deref_trait",
]

[[package]]
name = "stable_deref_trait"
version = "1.2.0"
source = "registry+https://github.com/rust-lang/crates.io-index"
checksum = "a8f112729512f8e442d81f95a8a7ddf2b7c6b8a1a6f509a95864142b30cab2d3"
